
Microsoft Visual Studio Solution File, Format Version 12.00
# Visual Studio 14
VisualStudioVersion = 14.0.25420.1
MinimumVisualStudioVersion = 10.0.40219.1
Project("{FAE04EC0-301F-11D3-BF4B-00C04F79EFBC}") = "MVCApp", "MVCApp\MVCApp.csproj", "{AC65AD3F-BB79-469C-BBEA-D6B842C12027}"
EndProject
Project("{FAE04EC0-301F-11D3-BF4B-00C04F79EFBC}") = "MVCApp.Tests", "MVCApp.Tests\MVCApp.Tests.csproj", "{515600DB-55E1-4AA6-83FA-7EBB061CD0FA}"
EndProject
Global
	GlobalSection(SolutionConfigurationPlatforms) = preSolution
		Debug|Any CPU = Debug|Any CPU
		Release|Any CPU = Release|Any CPU
	EndGlobalSection
	GlobalSection(ProjectConfigurationPlatforms) = postSolution
		{AC65AD3F-BB79-469C-BBEA-D6B842C12027}.Debug|Any CPU.ActiveCfg = Debug|Any CPU
		{AC65AD3F-BB79-469C-BBEA-D6B842C12027}.Debug|Any CPU.Build.0 = Debug|Any CPU
		{AC65AD3F-BB79-469C-BBEA-D6B842C12027}.Release|Any CPU.ActiveCfg = Release|Any CPU
		{AC65AD3F-BB79-469C-BBEA-D6B842C12027}.Release|Any CPU.Build.0 = Release|Any CPU
		{515600DB-55E1-4AA6-83FA-7EBB061CD0FA}.Debug|Any CPU.ActiveCfg = Debug|Any CPU
		{515600DB-55E1-4AA6-83FA-7EBB061CD0FA}.Debug|Any CPU.Build.0 = Debug|Any CPU
		{515600DB-55E1-4AA6-83FA-7EBB061CD0FA}.Release|Any CPU.ActiveCfg = Release|Any CPU
		{515600DB-55E1-4AA6-83FA-7EBB061CD0FA}.Release|Any CPU.Build.0 = Release|Any CPU
	EndGlobalSection
	GlobalSection(SolutionProperties) = preSolution
		HideSolutionNode = FALSE
	EndGlobalSection
EndGlobal
